{
  "version": 4,
  "terraform_version": "1.5.3",
  "serial": 94,
  "lineage": "82e69419-d920-9dc4-7292-c70e1128b378",
  "outputs": {},
  "resources": [
    {
      "mode": "managed",
      "type": "google_recaptcha_enterprise_key",
      "name": "challenge",
      "provider": "provider[\"registry.terraform.io/hashicorp/google\"]",
      "instances": [
        {
          "schema_version": 0,
          "attributes": {
            "android_settings": [],
            "create_time": "2023-07-20T11:48:16Z",
            "display_name": "Test",
            "id": "projects/cf-tarc-tarc-aarikmud-do/keys/6LfAwTwnAAAAABS9CPrnFjZzACuHyQuRjk2w8TOQ",
            "ios_settings": [],
            "labels": null,
            "name": "6LfAwTwnAAAAABS9CPrnFjZzACuHyQuRjk2w8TOQ",
            "project": "cf-tarc-tarc-aarikmud-do",
            "testing_options": [],
            "timeouts": null,
            "web_settings": [
              {
                "allow_all_domains": true,
                "allow_amp_traffic": false,
                "allowed_domains": null,
                "challenge_security_preference": "USABILITY",
                "integration_type": "INVISIBLE"
              }
            ]
          },
          "sensitive_attributes": [],
          "private": "eyJlMmJmYjczMC1lY2FhLTExZTYtOGY4OC0zNDM2M2JjN2M0YzAiOnsiY3JlYXRlIjoxMjAwMDAwMDAwMDAwLCJkZWxldGUiOjEyMDAwMDAwMDAwMDAsInVwZGF0ZSI6MTIwMDAwMDAwMDAwMH19"
        }
      ]
    }
  ],
  "check_results": null
}
